
Microsoft Visual Studio Solution File, Format Version 12.00
# Visual Studio Version 16
VisualStudioVersion = 16.0.29728.190
MinimumVisualStudioVersion = 10.0.40219.1
Project("{FAE04EC0-301F-11D3-BF4B-00C04F79EFBC}") = "APIAlturas", "APIAlturas\APIAlturas.csproj", "{89415DC1-E47C-49E4-BD3A-C45E8064EC75}"
EndProject
Global
	GlobalSection(SolutionConfigurationPlatforms) = preSolution
		Debug|Any CPU = Debug|Any CPU
		Release|Any CPU = Release|Any CPU
	EndGlobalSection
	GlobalSection(ProjectConfigurationPlatforms) = postSolution
		{89415DC1-E47C-49E4-BD3A-C45E8064EC75}.Debug|Any CPU.ActiveCfg = Debug|Any CPU
		{89415DC1-E47C-49E4-BD3A-C45E8064EC75}.Debug|Any CPU.Build.0 = Debug|Any CPU
		{89415DC1-E47C-49E4-BD3A-C45E8064EC75}.Release|Any CPU.ActiveCfg = Release|Any CPU
		{89415DC1-E47C-49E4-BD3A-C45E8064EC75}.Release|Any CPU.Build.0 = Release|Any CPU
	EndGlobalSection
	GlobalSection(SolutionProperties) = preSolution
		HideSolutionNode = FALSE
	EndGlobalSection
	GlobalSection(ExtensibilityGlobals) = postSolution
		SolutionGuid = {0EE2DC9D-11C7-422A-83EE-7C39B4AFFE4D}
	EndGlobalSection
EndGlobal
